
Microsoft Visual Studio Solution File, Format Version 12.00
# Visual Studio Version 16
VisualStudioVersion = 16.0.31729.503
MinimumVisualStudioVersion = 10.0.40219.1
Project("{9A19103F-16F7-4668-BE54-9A1E7A4F7556}") = "AdventOfCode2021.Cmd", "AdventOfCode2021.Cmd\AdventOfCode2021.Cmd.csproj", "{9FE9278A-958F-4C5E-8B98-FAFC4314B22F}"
EndProject
Project("{FAE04EC0-301F-11D3-BF4B-00C04F79EFBC}") = "AdventOfCode2021.Test", "AdventOfCode2021.Test\AdventOfCode2021.Test.csproj", "{B2C8F623-24D1-4C6C-ADAC-634985164754}"
EndProject
Global
	GlobalSection(SolutionConfigurationPlatforms) = preSolution
		Debug|Any CPU = Debug|Any CPU
		Release|Any CPU = Release|Any CPU
	EndGlobalSection
	GlobalSection(ProjectConfigurationPlatforms) = postSolution
		{9FE9278A-958F-4C5E-8B98-FAFC4314B22F}.Debug|Any CPU.ActiveCfg = Debug|Any CPU
		{9FE9278A-958F-4C5E-8B98-FAFC4314B22F}.Debug|Any CPU.Build.0 = Debug|Any CPU
		{9FE9278A-958F-4C5E-8B98-FAFC4314B22F}.Release|Any CPU.ActiveCfg = Release|Any CPU
		{9FE9278A-958F-4C5E-8B98-FAFC4314B22F}.Release|Any CPU.Build.0 = Release|Any CPU
		{B2C8F623-24D1-4C6C-ADAC-634985164754}.Debug|Any CPU.ActiveCfg = Debug|Any CPU
		{B2C8F623-24D1-4C6C-ADAC-634985164754}.Debug|Any CPU.Build.0 = Debug|Any CPU
		{B2C8F623-24D1-4C6C-ADAC-634985164754}.Release|Any CPU.ActiveCfg = Release|Any CPU
		{B2C8F623-24D1-4C6C-ADAC-634985164754}.Release|Any CPU.Build.0 = Release|Any CPU
	EndGlobalSection
	GlobalSection(SolutionProperties) = preSolution
		HideSolutionNode = FALSE
	EndGlobalSection
	GlobalSection(ExtensibilityGlobals) = postSolution
		SolutionGuid = {E175FBF3-B761-433C-8A56-2D5664227DB6}
	EndGlobalSection
EndGlobal
